// !$*UTF8*$!
{
	archiveVersion = 1;
	classes = {
	};
	objectVersion = 50;
	objects = {

/* Begin PBXBuildFile section */
		D6ED3A6E25BD496F0021D517 /* main.m in Sources */ = {isa = PBXBuildFile; fileRef = D6ED3A6D25BD496F0021D517 /* main.m */; };
		D6ED3A7725BD497A0021D517 /* Dog.m in Sources */ = {isa = PBXBuildFile; fileRef = D6ED3A7625BD497A0021D517 /* Dog.m */; };
		D6ED3A7B25BD49CC0021D517 /* Animal.m in Sources */ = {isa = PBXBuildFile; fileRef = D6ED3A7A25BD49CC0021D517 /* Animal.m */; };
		D6ED3A7F25BD4A030021D517 /* Dog+D.m in Sources */ = {isa = PBXBuildFile; fileRef = D6ED3A7E25BD4A030021D517 /* Dog+D.m */; };
		D6ED3A8325BD4A1F0021D517 /* Dog+D1.m in Sources */ = {isa = PBXBuildFile; fileRef = D6ED3A8225BD4A1F0021D517 /* Dog+D1.m */; };
		D6ED3A8725BD4A360021D517 /* Dog+D2.m in Sources */ = {isa = PBXBuildFile; fileRef = D6ED3A8625BD4A360021D517 /* Dog+D2.m */; };
/* End PBXBuildFile section */

/* Begin PBXCopyFilesBuildPhase section */
		D6ED3A6825BD496F0021D517 /* CopyFiles */ = {
			isa = PBXCopyFilesBuildPhase;
			buildActionMask = 2147483647;
			dstPath = /usr/share/man/man1/;
			dstSubfolderSpec = 0;
			files = (
			);
			runOnlyForDeploymentPostprocessing = 1;
		};
/* End PBXCopyFilesBuildPhase section */

/* Begin PBXFileReference section */
		D6ED3A6A25BD496F0021D517 /* load方法验证 */ = {isa = PBXFileReference; explicitFileType = "compiled.mach-o.executable"; includeInIndex = 0; path = "load方法验证"; sourceTree = BUILT_PRODUCTS_DIR; };
		D6ED3A6D25BD496F0021D517 /* main.m */ = {isa = PBXFileReference; lastKnownFileType = sourcecode.c.objc; path = main.m; sourceTree = "<group>"; };
		D6ED3A7525BD497A0021D517 /* Dog.h */ = {isa = PBXFileReference; lastKnownFileType = sourcecode.c.h; path = Dog.h; sourceTree = "<group>"; };
		D6ED3A7625BD497A0021D517 /* Dog.m */ = {isa = PBXFileReference; lastKnownFileType = sourcecode.c.objc; path = Dog.m; sourceTree = "<group>"; };
		D6ED3A7925BD49CC0021D517 /* Animal.h */ = {isa = PBXFileReference; lastKnownFileType = sourcecode.c.h; path = Animal.h; sourceTree = "<group>"; };
		D6ED3A7A25BD49CC0021D517 /* Animal.m */ = {isa = PBXFileReference; lastKnownFileType = sourcecode.c.objc; path = Animal.m; sourceTree = "<group>"; };
		D6ED3A7D25BD4A030021D517 /* Dog+D.h */ = {isa = PBXFileReference; lastKnownFileType = sourcecode.c.h; path = "Dog+D.h"; sourceTree = "<group>"; };
		D6ED3A7E25BD4A030021D517 /* Dog+D.m */ = {isa = PBXFileReference; lastKnownFileType = sourcecode.c.objc; path = "Dog+D.m"; sourceTree = "<group>"; };
		D6ED3A8125BD4A1F0021D517 /* Dog+D1.h */ = {isa = PBXFileReference; lastKnownFileType = sourcecode.c.h; path = "Dog+D1.h"; sourceTree = "<group>"; };
		D6ED3A8225BD4A1F0021D517 /* Dog+D1.m */ = {isa = PBXFileReference; lastKnownFileType = sourcecode.c.objc; path = "Dog+D1.m"; sourceTree = "<group>"; };
		D6ED3A8525BD4A360021D517 /* Dog+D2.h */ = {isa = PBXFileReference; lastKnownFileType = sourcecode.c.h; path = "Dog+D2.h"; sourceTree = "<group>"; };
		D6ED3A8625BD4A360021D517 /* Dog+D2.m */ = {isa = PBXFileReference; lastKnownFileType = sourcecode.c.objc; path = "Dog+D2.m"; sourceTree = "<group>"; };
		D6ED3ABF25BD50040021D517 /* note.md */ = {isa = PBXFileReference; lastKnownFileType = net.daringfireball.markdown; path = note.md; sourceTree = "<group>"; };
/* End PBXFileReference section */

/* Begin PBXFrameworksBuildPhase section */
		D6ED3A6725BD496F0021D517 /* Frameworks */ = {
			isa = PBXFrameworksBuildPhase;
			buildActionMask = 2147483647;
			files = (
			);
			runOnlyForDeploymentPostprocessing = 0;
		};
/* End PBXFrameworksBuildPhase section */

/* Begin PBXGroup section */
		D6ED3A6125BD496F0021D517 = {
			isa = PBXGroup;
			children = (
				D6ED3ABF25BD50040021D517 /* note.md */,
				D6ED3A6C25BD496F0021D517 /* load方法验证 */,
				D6ED3A6B25BD496F0021D517 /* Products */,
			);
			sourceTree = "<group>";
		};
		D6ED3A6B25BD496F0021D517 /* Products */ = {
			isa = PBXGroup;
			children = (
				D6ED3A6A25BD496F0021D517 /* load方法验证 */,
			);
			name = Products;
			sourceTree = "<group>";
		};
		D6ED3A6C25BD496F0021D517 /* load方法验证 */ = {
			isa = PBXGroup;
			children = (
				D6ED3A6D25BD496F0021D517 /* main.m */,
				D6ED3A7525BD497A0021D517 /* Dog.h */,
				D6ED3A7625BD497A0021D517 /* Dog.m */,
				D6ED3A7925BD49CC0021D517 /* Animal.h */,
				D6ED3A7A25BD49CC0021D517 /* Animal.m */,
				D6ED3A7D25BD4A030021D517 /* Dog+D.h */,
				D6ED3A7E25BD4A030021D517 /* Dog+D.m */,
				D6ED3A8125BD4A1F0021D517 /* Dog+D1.h */,
				D6ED3A8225BD4A1F0021D517 /* Dog+D1.m */,
				D6ED3A8525BD4A360021D517 /* Dog+D2.h */,
				D6ED3A8625BD4A360021D517 /* Dog+D2.m */,
			);
			path = "load方法验证";
			sourceTree = "<group>";
		};
/* End PBXGroup section */

/* Begin PBXNativeTarget section */
		D6ED3A6925BD496F0021D517 /* load方法验证 */ = {
			isa = PBXNativeTarget;
			buildConfigurationList = D6ED3A7125BD496F0021D517 /* Build configuration list for PBXNativeTarget "load方法验证" */;
			buildPhases = (
				D6ED3A6625BD496F0021D517 /* Sources */,
				D6ED3A6725BD496F0021D517 /* Frameworks */,
				D6ED3A6825BD496F0021D517 /* CopyFiles */,
			);
			buildRules = (
			);
			dependencies = (
			);
			name = "load方法验证";
			productName = "load方法验证";
			productReference = D6ED3A6A25BD496F0021D517 /* load方法验证 */;
			productType = "com.apple.product-type.tool";
		};
/* End PBXNativeTarget section */

/* Begin PBXProject section */
		D6ED3A6225BD496F0021D517 /* Project object */ = {
			isa = PBXProject;
			attributes = {
				LastUpgradeCheck = 1230;
				TargetAttributes = {
					D6ED3A6925BD496F0021D517 = {
						CreatedOnToolsVersion = 12.3;
					};
				};
			};
			buildConfigurationList = D6ED3A6525BD496F0021D517 /* Build configuration list for PBXProject "load方法验证" */;
			compatibilityVersion = "Xcode 9.3";
			developmentRegion = en;
			hasScannedForEncodings = 0;
			knownRegions = (
				en,
				Base,
			);
			mainGroup = D6ED3A6125BD496F0021D517;
			productRefGroup = D6ED3A6B25BD496F0021D517 /* Products */;
			projectDirPath = "";
			projectRoot = "";
			targets = (
				D6ED3A6925BD496F0021D517 /* load方法验证 */,
			);
		};
/* End PBXProject section */

/* Begin PBXSourcesBuildPhase section */
		D6ED3A6625BD496F0021D517 /* Sources */ = {
			isa = PBXSourcesBuildPhase;
			buildActionMask = 2147483647;
			files = (
				D6ED3A6E25BD496F0021D517 /* main.m in Sources */,
				D6ED3A8725BD4A360021D517 /* Dog+D2.m in Sources */,
				D6ED3A8325BD4A1F0021D517 /* Dog+D1.m in Sources */,
				D6ED3A7B25BD49CC0021D517 /* Animal.m in Sources */,
				D6ED3A7725BD497A0021D517 /* Dog.m in Sources */,
				D6ED3A7F25BD4A030021D517 /* Dog+D.m in Sources */,
			);
			runOnlyForDeploymentPostprocessing = 0;
		};
/* End PBXSourcesBuildPhase section */

/* Begin XCBuildConfiguration section */
		D6ED3A6F25BD496F0021D517 /* Debug */ = {
			isa = XCBuildConfiguration;
			buildSettings = {
				ALWAYS_SEARCH_USER_PATHS = NO;
				CLANG_ANALYZER_NONNULL = YES;
				CLANG_ANALYZER_NUMBER_OBJECT_CONVERSION = YES_AGGRESSIVE;
				CLANG_CXX_LANGUAGE_STANDARD = "gnu++14";
				CLANG_CXX_LIBRARY = "libc++";
				CLANG_ENABLE_MODULES = YES;
				CLANG_ENABLE_OBJC_ARC = YES;
				CLANG_ENABLE_OBJC_WEAK = YES;
				CLANG_WARN_BLOCK_CAPTURE_AUTORELEASING = YES;
				CLANG_WARN_BOOL_CONVERSION = YES;
				CLANG_WARN_COMMA = YES;
				CLANG_WARN_CONSTANT_CONVERSION = YES;
				CLANG_WARN_DEPRECATED_OBJC_IMPLEMENTATIONS = YES;
				CLANG_WARN_DIRECT_OBJC_ISA_USAGE = YES_ERROR;
				CLANG_WARN_DOCUMENTATION_COMMENTS = YES;
				CLANG_WARN_EMPTY_BODY = YES;
				CLANG_WARN_ENUM_CONVERSION = YES;
				CLANG_WARN_INFINITE_RECURSION = YES;
				CLANG_WARN_INT_CONVERSION = YES;
				CLANG_WARN_NON_LITERAL_NULL_CONVERSION = YES;
				CLANG_WARN_OBJC_IMPLICIT_RETAIN_SELF = YES;
				CLANG_WARN_OBJC_LITERAL_CONVERSION = YES;
				CLANG_WARN_OBJC_ROOT_CLASS = YES_ERROR;
				CLANG_WARN_QUOTED_INCLUDE_IN_FRAMEWORK_HEADER = YES;
				CLANG_WARN_RANGE_LOOP_ANALYSIS = YES;
				CLANG_WARN_STRICT_PROTOTYPES = YES;
				CLANG_WARN_SUSPICIOUS_MOVE = YES;
				CLANG_WARN_UNGUARDED_AVAILABILITY = YES_AGGRESSIVE;
				CLANG_WARN_UNREACHABLE_CODE = YES;
				CLANG_WARN__DUPLICATE_METHOD_MATCH = YES;
				COPY_PHASE_STRIP = NO;
				DEBUG_INFORMATION_FORMAT = dwarf;
				ENABLE_STRICT_OBJC_MSGSEND = YES;
				ENABLE_TESTABILITY = YES;
				GCC_C_LANGUAGE_STANDARD = gnu11;
				GCC_DYNAMIC_NO_PIC = NO;
				GCC_NO_COMMON_BLOCKS = YES;
				GCC_OPTIMIZATION_LEVEL = 0;
				GCC_PREPROCESSOR_DEFINITIONS = (
					"DEBUG=1",
					"$(inherited)",
				);
				GCC_WARN_64_TO_32_BIT_CONVERSION = YES;
				GCC_WARN_ABOUT_RETURN_TYPE = YES_ERROR;
				GCC_WARN_UNDECLARED_SELECTOR = YES;
				GCC_WARN_UNINITIALIZED_AUTOS = YES_AGGRESSIVE;
				GCC_WARN_UNUSED_FUNCTION = YES;
				GCC_WARN_UNUSED_VARIABLE = YES;
				MACOSX_DEPLOYMENT_TARGET = 10.15;
				MTL_ENABLE_DEBUG_INFO = INCLUDE_SOURCE;
				MTL_FAST_MATH = YES;
				ONLY_ACTIVE_ARCH = YES;
				SDKROOT = macosx;
			};
			name = Debug;
		};
		D6ED3A7025BD496F0021D517 /* Release */ = {
			isa = XCBuildConfiguration;
			buildSettings = {
				ALWAYS_SEARCH_USER_PATHS = NO;
				CLANG_ANALYZER_NONNULL = YES;
				CLANG_ANALYZER_NUMBER_OBJECT_CONVERSION = YES_AGGRESSIVE;
				CLANG_CXX_LANGUAGE_STANDARD = "gnu++14";
				CLANG_CXX_LIBRARY = "libc++";
				CLANG_ENABLE_MODULES = YES;
				CLANG_ENABLE_OBJC_ARC = YES;
				CLANG_ENABLE_OBJC_WEAK = YES;
				CLANG_WARN_BLOCK_CAPTURE_AUTORELEASING = YES;
				CLANG_WARN_BOOL_CONVERSION = YES;
				CLANG_WARN_COMMA = YES;
				CLANG_WARN_CONSTANT_CONVERSION = YES;
				CLANG_WARN_DEPRECATED_OBJC_IMPLEMENTATIONS = YES;
				CLANG_WARN_DIRECT_OBJC_ISA_USAGE = YES_ERROR;
				CLANG_WARN_DOCUMENTATION_COMMENTS = YES;
				CLANG_WARN_EMPTY_BODY = YES;
				CLANG_WARN_ENUM_CONVERSION = YES;
				CLANG_WARN_INFINITE_RECURSION = YES;
				CLANG_WARN_INT_CONVERSION = YES;
				CLANG_WARN_NON_LITERAL_NULL_CONVERSION = YES;
				CLANG_WARN_OBJC_IMPLICIT_RETAIN_SELF = YES;
				CLANG_WARN_OBJC_LITERAL_CONVERSION = YES;
				CLANG_WARN_OBJC_ROOT_CLASS = YES_ERROR;
				CLANG_WARN_QUOTED_INCLUDE_IN_FRAMEWORK_HEADER = YES;
				CLANG_WARN_RANGE_LOOP_ANALYSIS = YES;
				CLANG_WARN_STRICT_PROTOTYPES = YES;
				CLANG_WARN_SUSPICIOUS_MOVE = YES;
				CLANG_WARN_UNGUARDED_AVAILABILITY = YES_AGGRESSIVE;
				CLANG_WARN_UNREACHABLE_CODE = YES;
				CLANG_WARN__DUPLICATE_METHOD_MATCH = YES;
				COPY_PHASE_STRIP = NO;
				DEBUG_INFORMATION_FORMAT = "dwarf-with-dsym";
				ENABLE_NS_ASSERTIONS = NO;
				ENABLE_STRICT_OBJC_MSGSEND = YES;
				GCC_C_LANGUAGE_STANDARD = gnu11;
				GCC_NO_COMMON_BLOCKS = YES;
				GCC_WARN_64_TO_32_BIT_CONVERSION = YES;
				GCC_WARN_ABOUT_RETURN_TYPE = YES_ERROR;
				GCC_WARN_UNDECLARED_SELECTOR = YES;
				GCC_WARN_UNINITIALIZED_AUTOS = YES_AGGRESSIVE;
				GCC_WARN_UNUSED_FUNCTION = YES;
				GCC_WARN_UNUSED_VARIABLE = YES;
				MACOSX_DEPLOYMENT_TARGET = 10.15;
				MTL_ENABLE_DEBUG_INFO = NO;
				MTL_FAST_MATH = YES;
				SDKROOT = macosx;
			};
			name = Release;
		};
		D6ED3A7225BD496F0021D517 /* Debug */ = {
			isa = XCBuildConfiguration;
			buildSettings = {
				CODE_SIGN_STYLE = Automatic;
				PRODUCT_NAME = "$(TARGET_NAME)";
			};
			name = Debug;
		};
		D6ED3A7325BD496F0021D517 /* Release */ = {
			isa = XCBuildConfiguration;
			buildSettings = {
				CODE_SIGN_STYLE = Automatic;
				PRODUCT_NAME = "$(TARGET_NAME)";
			};
			name = Release;
		};
/* End XCBuildConfiguration section */

/* Begin XCConfigurationList section */
		D6ED3A6525BD496F0021D517 /* Build configuration list for PBXProject "load方法验证" */ = {
			isa = XCConfigurationList;
			buildConfigurations = (
				D6ED3A6F25BD496F0021D517 /* Debug */,
				D6ED3A7025BD496F0021D517 /* Release */,
			);
			defaultConfigurationIsVisible = 0;
			defaultConfigurationName = Release;
		};
		D6ED3A7125BD496F0021D517 /* Build configuration list for PBXNativeTarget "load方法验证" */ = {
			isa = XCConfigurationList;
			buildConfigurations = (
				D6ED3A7225BD496F0021D517 /* Debug */,
				D6ED3A7325BD496F0021D517 /* Release */,
			);
			defaultConfigurationIsVisible = 0;
			defaultConfigurationName = Release;
		};
/* End XCConfigurationList section */
	};
	rootObject = D6ED3A6225BD496F0021D517 /* Project object */;
}
